<?xml version="1.0" encoding="utf-8"?>
<Project ToolsVersion="4.0" xmlns="http://schemas.microsoft.com/developer/msbuild/2003">
  <ItemGroup>
    <Filter Include="Source Files">
      <UniqueIdentifier>{4FC737F1-C7A5-4376-A066-2A32D752A2FF}</UniqueIdentifier>
      <Extensions>cpp;c;cc;cxx;def;odl;idl;hpj;bat;asm;asmx</Extensions>
    </Filter>
    <Filter Include="Source Files\config">
      <UniqueIdentifier>{4e9e1228-180e-419e-8716-d32d663de4f2}</UniqueIdentifier>
    </Filter>
    <Filter Include="Source Files\datapacket">
      <UniqueIdentifier>{d0b2e9d1-2e0c-4c98-9106-a583baa448de}</UniqueIdentifier>
    </Filter>
    <Filter Include="Source Files\network">
      <UniqueIdentifier>{70bc581b-78af-47b4-af6d-614b5bf0f380}</UniqueIdentifier>
    </Filter>
    <Filter Include="Header Files">
      <UniqueIdentifier>{93995380-89BD-4b04-88EB-625FBE52EBFB}</UniqueIdentifier>
      <Extensions>h;hpp;hxx;hm;inl;inc;xsd</Extensions>
    </Filter>
    <Filter Include="Header Files\config">
      <UniqueIdentifier>{bda51340-93ba-474b-9480-9c5108df5c0b}</UniqueIdentifier>
    </Filter>
    <Filter Include="Header Files\datapacket">
      <UniqueIdentifier>{30a1e0cf-c151-40f2-b211-ca756e718e03}</UniqueIdentifier>
    </Filter>
    <Filter Include="Header Files\network">
      <UniqueIdentifier>{140df814-e23d-4c68-a71e-53a3d4d6f051}</UniqueIdentifier>
    </Filter>
  </ItemGroup>
  <ItemGroup>
    <ClCompile Include="src\tia\ss_meta_info.cpp">
      <Filter>Source Files</Filter>
    </ClCompile>
    <ClCompile Include="src\tia\tia_client.cpp">
      <Filter>Source Files</Filter>
    </ClCompile>
    <ClCompile Include="src\tia\tia_server.cpp">
      <Filter>Source Files</Filter>
    </ClCompile>
    <ClCompile Include="src\tia\network\control_connection.cpp">
      <Filter>Source Files</Filter>
    </ClCompile>
    <ClCompile Include="src\tia\network\control_connection_server.cpp">
      <Filter>Source Files</Filter>
    </ClCompile>
    <ClCompile Include="src\tia\network\tcp_data_server.cpp">
      <Filter>Source Files</Filter>
    </ClCompile>
    <ClCompile Include="src\tia\network\tcp_server.cpp">
      <Filter>Source Files</Filter>
    </ClCompile>
    <ClCompile Include="src\tia\network\udp_data_server.cpp">
      <Filter>Source Files</Filter>
    </ClCompile>
    <ClCompile Include="src\tia\config\control_message_decoder.cpp">
      <Filter>Source Files</Filter>
    </ClCompile>
    <ClCompile Include="src\tia\config\control_message_encoder.cpp">
      <Filter>Source Files</Filter>
    </ClCompile>
    <ClCompile Include="src\tia\config\control_messages.cpp">
      <Filter>Source Files</Filter>
    </ClCompile>
    <ClCompile Include="src\tia\client\tia_client_impl.cpp">
      <Filter>Source Files</Filter>
    </ClCompile>
    <ClCompile Include="src\tia\newtia\tia_datapacket_parser.cpp">
      <Filter>Source Files</Filter>
    </ClCompile>
    <ClCompile Include="src\tia\newtia\tia_meta_info_parse_and_build_functions.cpp">
      <Filter>Source Files</Filter>
    </ClCompile>
    <ClCompile Include="src\tia\newtia\commands\get_data_connection_control_command.cpp">
      <Filter>Source Files</Filter>
    </ClCompile>
    <ClCompile Include="src\tia\newtia\commands\start_data_transmission_control_command.cpp">
      <Filter>Source Files</Filter>
    </ClCompile>
    <ClCompile Include="src\tia\newtia\commands\stop_data_transmission_control_command.cpp">
      <Filter>Source Files</Filter>
    </ClCompile>
    <ClCompile Include="src\tia\newtia\network_impl\boost_tcp_socket_impl.cpp">
      <Filter>Source Files</Filter>
    </ClCompile>
    <ClCompile Include="src\tia\newtia\network_impl\boost_udp_read_socket.cpp">
      <Filter>Source Files</Filter>
    </ClCompile>
    <ClCompile Include="src\tia\newtia\network_impl\boost_tcp_server_socket_impl.cpp">
      <Filter>Source Files</Filter>
    </ClCompile>
    <ClCompile Include="src\tia\newtia\server_impl\fusty_data_server_impl.cpp">
      <Filter>Source Files</Filter>
    </ClCompile>
    <ClCompile Include="src\tia\newtia\server_impl\tia_server_state_server_impl.cpp">
      <Filter>Source Files</Filter>
    </ClCompile>
    <ClCompile Include="src\tia\client\tia_new_client_impl.cpp">
      <Filter>Source Files</Filter>
    </ClCompile>
    <ClCompile Include="src\tia\newtia\messages_impl\tia_control_message_parser_1_0.cpp">
      <Filter>Source Files</Filter>
    </ClCompile>
    <ClCompile Include="src\tia\datapacket\raw_mem.cpp">
      <Filter>Source Files\datapacket</Filter>
    </ClCompile>
    <ClCompile Include="src\tia\datapacket\data_packet_3_impl.cpp">
      <Filter>Source Files\datapacket</Filter>
    </ClCompile>
    <ClCompile Include="src\tia\datapacket\data_packet_impl.cpp">
      <Filter>Source Files\datapacket</Filter>
    </ClCompile>
    <ClCompile Include="src\tia\datapacket\data_packet_selector.cpp">
      <Filter>Source Files\datapacket</Filter>
    </ClCompile>
    <ClCompile Include="src\tia\datapacket\raw_mem3.cpp">
      <Filter>Source Files\datapacket</Filter>
    </ClCompile>
    <ClCompile Include="src\tia\newtia\server_impl\control_connection_2.cpp">
      <Filter>Source Files\network</Filter>
    </ClCompile>
    <ClCompile Include="src\tia\newtia\server_impl\control_connection_server_2_impl.cpp">
      <Filter>Source Files\network</Filter>
    </ClCompile>
    <ClCompile Include="src\tia\constants.cpp">
      <Filter>Source Files\config</Filter>
    </ClCompile>
    <ClCompile Include="src\tia\clock.cpp">
      <Filter>Source Files</Filter>
    </ClCompile>
  </ItemGroup>
  <ItemGroup>
    <ClInclude Include="include\tia\ss_meta_info.h">
      <Filter>Header Files</Filter>
    </ClInclude>
    <ClInclude Include="include\tia\tia_server.h">
      <Filter>Header Files</Filter>
    </ClInclude>
    <ClInclude Include="include\tia-private\network\control_connection.h">
      <Filter>Header Files</Filter>
    </ClInclude>
    <ClInclude Include="include\tia-private\network\control_connection_server.h">
      <Filter>Header Files</Filter>
    </ClInclude>
    <ClInclude Include="include\tia-private\network\tcp_data_server.h">
      <Filter>Header Files</Filter>
    </ClInclude>
    <ClInclude Include="include\tia-private\network\tcp_server.h">
      <Filter>Header Files</Filter>
    </ClInclude>
    <ClInclude Include="include\tia-private\network\udp_data_server.h">
      <Filter>Header Files</Filter>
    </ClInclude>
    <ClInclude Include="include\tia-private\network\udp_server.h">
      <Filter>Header Files</Filter>
    </ClInclude>
    <ClInclude Include="include\tia-private\config\control_message_decoder.h">
      <Filter>Header Files</Filter>
    </ClInclude>
    <ClInclude Include="include\tia-private\config\control_message_encoder.h">
      <Filter>Header Files</Filter>
    </ClInclude>
    <ClInclude Include="include\tia-private\config\control_messages.h">
      <Filter>Header Files</Filter>
    </ClInclude>
    <ClInclude Include="include\tia-private\client\tia_client_impl.h">
      <Filter>Header Files</Filter>
    </ClInclude>
    <ClInclude Include="include\tia-private\client\tia_client_impl_base.h">
      <Filter>Header Files</Filter>
    </ClInclude>
    <ClInclude Include="include\tia-private\client\tia_new_client_impl.h">
      <Filter>Header Files</Filter>
    </ClInclude>
    <ClInclude Include="include\tia-private\newtia\commands\check_protocol_version_control_command.h">
      <Filter>Header Files</Filter>
    </ClInclude>
    <ClInclude Include="include\tia-private\newtia\commands\get_data_connection_control_command.h">
      <Filter>Header Files</Filter>
    </ClInclude>
    <ClInclude Include="include\tia-private\newtia\commands\get_metainfo_control_command.h">
      <Filter>Header Files</Filter>
    </ClInclude>
    <ClInclude Include="include\tia-private\newtia\commands\get_serverstate_connection_command.h">
      <Filter>Header Files</Filter>
    </ClInclude>
    <ClInclude Include="include\tia-private\newtia\commands\start_data_transmission_control_command.h">
      <Filter>Header Files</Filter>
    </ClInclude>
    <ClInclude Include="include\tia-private\newtia\commands\stop_data_transmission_control_command.h">
      <Filter>Header Files</Filter>
    </ClInclude>
    <ClInclude Include="include\tia-private\newtia\fusty_hardware_interface_impl.h">
      <Filter>Header Files</Filter>
    </ClInclude>
    <ClInclude Include="include\tia-private\newtia\hardware_interface.h">
      <Filter>Header Files</Filter>
    </ClInclude>
    <ClInclude Include="include\tia-private\newtia\messages\standard_control_messages.h">
      <Filter>Header Files</Filter>
    </ClInclude>
    <ClInclude Include="include\tia-private\newtia\messages\tia_control_message.h">
      <Filter>Header Files</Filter>
    </ClInclude>
    <ClInclude Include="include\tia-private\newtia\messages\tia_control_message_builder.h">
      <Filter>Header Files</Filter>
    </ClInclude>
    <ClInclude Include="include\tia-private\newtia\messages\tia_control_message_parser.h">
      <Filter>Header Files</Filter>
    </ClInclude>
    <ClInclude Include="include\tia-private\newtia\messages\tia_control_message_tags_1_0.h">
      <Filter>Header Files</Filter>
    </ClInclude>
    <ClInclude Include="include\tia-private\newtia\messages_impl\tia_control_message_builder_1_0.h">
      <Filter>Header Files</Filter>
    </ClInclude>
    <ClInclude Include="include\tia-private\newtia\messages_impl\tia_control_message_parser_1_0.h">
      <Filter>Header Files</Filter>
    </ClInclude>
    <ClInclude Include="include\tia-private\newtia\network\input_stream.h">
      <Filter>Header Files</Filter>
    </ClInclude>
    <ClInclude Include="include\tia-private\newtia\network\new_connection_listener.h">
      <Filter>Header Files</Filter>
    </ClInclude>
    <ClInclude Include="include\tia-private\newtia\network\read_socket.h">
      <Filter>Header Files</Filter>
    </ClInclude>
    <ClInclude Include="include\tia-private\newtia\network\server_state_server.h">
      <Filter>Header Files</Filter>
    </ClInclude>
    <ClInclude Include="include\tia-private\newtia\network\socket.h">
      <Filter>Header Files</Filter>
    </ClInclude>
    <ClInclude Include="include\tia-private\newtia\network\tcp_server_socket.h">
      <Filter>Header Files</Filter>
    </ClInclude>
    <ClInclude Include="include\tia-private\newtia\network_impl\boost_socket_impl.h">
      <Filter>Header Files</Filter>
    </ClInclude>
    <ClInclude Include="include\tia-private\newtia\network_impl\boost_tcp_server_socket_impl.h">
      <Filter>Header Files</Filter>
    </ClInclude>
    <ClInclude Include="include\tia-private\newtia\network_impl\boost_udp_read_socket.h">
      <Filter>Header Files</Filter>
    </ClInclude>
    <ClInclude Include="include\tia-private\newtia\server\data_server.h">
      <Filter>Header Files</Filter>
    </ClInclude>
    <ClInclude Include="include\tia-private\newtia\server\server_states.h">
      <Filter>Header Files</Filter>
    </ClInclude>
    <ClInclude Include="include\tia-private\newtia\server\tia_server_state_server.h">
      <Filter>Header Files</Filter>
    </ClInclude>
    <ClInclude Include="include\tia-private\newtia\server_impl\fusty_data_server_impl.h">
      <Filter>Header Files</Filter>
    </ClInclude>
    <ClInclude Include="include\tia-private\newtia\server_impl\tia_server_state_server_impl.h">
      <Filter>Header Files</Filter>
    </ClInclude>
    <ClInclude Include="include\tia-private\newtia\string_utils.h">
      <Filter>Header Files</Filter>
    </ClInclude>
    <ClInclude Include="include\tia-private\newtia\tia_control_command.h">
      <Filter>Header Files</Filter>
    </ClInclude>
    <ClInclude Include="include\tia-private\newtia\tia_control_command_context.h">
      <Filter>Header Files</Filter>
    </ClInclude>
    <ClInclude Include="include\tia-private\newtia\tia_datapacket_parser.h">
      <Filter>Header Files</Filter>
    </ClInclude>
    <ClInclude Include="include\tia-private\newtia\tia_exceptions.h">
      <Filter>Header Files</Filter>
    </ClInclude>
    <ClInclude Include="include\tia-private\newtia\tia_meta_info_parse_and_build_functions.h">
      <Filter>Header Files</Filter>
    </ClInclude>
    <ClInclude Include="include\tia-private\datapacket\data_packet_3_impl.h">
      <Filter>Header Files\datapacket</Filter>
    </ClInclude>
    <ClInclude Include="include\tia-private\datapacket\data_packet_impl.h">
      <Filter>Header Files\datapacket</Filter>
    </ClInclude>
    <ClInclude Include="include\tia-private\datapacket\data_packet_selector.h">
      <Filter>Header Files\datapacket</Filter>
    </ClInclude>
    <ClInclude Include="include\tia-private\datapacket\raw_mem3.h">
      <Filter>Header Files\datapacket</Filter>
    </ClInclude>
    <ClInclude Include="include\tia-private\datapacket\raw_mem.h">
      <Filter>Header Files\datapacket</Filter>
    </ClInclude>
    <ClInclude Include="include\tia\data_packet_interface.h">
      <Filter>Header Files\datapacket</Filter>
    </ClInclude>
    <ClInclude Include="include\tia-private\newtia\server_impl\control_connection_2.h">
      <Filter>Header Files\network</Filter>
    </ClInclude>
    <ClInclude Include="include\tia-private\newtia\server_impl\control_connection_server_2_impl.h">
      <Filter>Header Files\network</Filter>
    </ClInclude>
    <ClInclude Include="include\tia-private\newtia\server\control_connection_server_2.h">
      <Filter>Header Files\network</Filter>
    </ClInclude>
    <ClInclude Include="include\tia\defines.h">
      <Filter>Header Files\config</Filter>
    </ClInclude>
    <ClInclude Include="include\tia\constants.h">
      <Filter>Header Files\config</Filter>
    </ClInclude>
    <ClInclude Include="include\tia-private\clock.h">
      <Filter>Header Files</Filter>
    </ClInclude>
  </ItemGroup>
</Project>